
Microsoft Visual Studio Solution File, Format Version 12.00
# Visual Studio Version 16
VisualStudioVersion = 16.0.30406.217
MinimumVisualStudioVersion = 10.0.40219.1
Project("{FAE04EC0-301F-11D3-BF4B-00C04F79EFBC}") = "ProjectAfr", "ProjectAfr.csproj", "{09B5115F-6BA2-4556-AF8D-F261DC3111A7}"
EndProject
Global
	GlobalSection(SolutionConfigurationPlatforms) = preSolution
		Debug|Any CPU = Debug|Any CPU
		Release|Any CPU = Release|Any CPU
	EndGlobalSection
	GlobalSection(ProjectConfigurationPlatforms) = postSolution
		{09B5115F-6BA2-4556-AF8D-F261DC3111A7}.Debug|Any CPU.ActiveCfg = Debug|Any CPU
		{09B5115F-6BA2-4556-AF8D-F261DC3111A7}.Debug|Any CPU.Build.0 = Debug|Any CPU
		{09B5115F-6BA2-4556-AF8D-F261DC3111A7}.Release|Any CPU.ActiveCfg = Release|Any CPU
		{09B5115F-6BA2-4556-AF8D-F261DC3111A7}.Release|Any CPU.Build.0 = Release|Any CPU
	EndGlobalSection
	GlobalSection(SolutionProperties) = preSolution
		HideSolutionNode = FALSE
	EndGlobalSection
	GlobalSection(ExtensibilityGlobals) = postSolution
		SolutionGuid = {E5FC539A-BC73-4405-903C-97422B8461A6}
	EndGlobalSection
EndGlobal
